
Microsoft Visual Studio Solution File, Format Version 12.00
# Visual Studio 15
VisualStudioVersion = 15.0.28307.1267
MinimumVisualStudioVersion = 10.0.40219.1
Project("{FAE04EC0-301F-11D3-BF4B-00C04F79EFBC}") = "Exercise2_033_ElviraYolanda", "Exercise2_033_ElviraYolanda\Exercise2_033_ElviraYolanda.csproj", "{880CD60F-3EB1-4508-AB93-1CACA5466896}"
EndProject
Global
	GlobalSection(SolutionConfigurationPlatforms) = preSolution
		Debug|Any CPU = Debug|Any CPU
		Release|Any CPU = Release|Any CPU
	EndGlobalSection
	GlobalSection(ProjectConfigurationPlatforms) = postSolution
		{880CD60F-3EB1-4508-AB93-1CACA5466896}.Debug|Any CPU.ActiveCfg = Debug|Any CPU
		{880CD60F-3EB1-4508-AB93-1CACA5466896}.Debug|Any CPU.Build.0 = Debug|Any CPU
		{880CD60F-3EB1-4508-AB93-1CACA5466896}.Release|Any CPU.ActiveCfg = Release|Any CPU
		{880CD60F-3EB1-4508-AB93-1CACA5466896}.Release|Any CPU.Build.0 = Release|Any CPU
	EndGlobalSection
	GlobalSection(SolutionProperties) = preSolution
		HideSolutionNode = FALSE
	EndGlobalSection
	GlobalSection(ExtensibilityGlobals) = postSolution
		SolutionGuid = {A6B33F61-3C7F-452C-8D9C-A9F99698AD88}
	EndGlobalSection
EndGlobal
